{"packages":[{"file":"..\/assets\/images\/packfire.biglogo.dark.png","version":"1.0","hash":"1a76abf05c0787e6c7844b0d0fc1df6fbf7a14bd80ed9533db94afe18aab34c5"},{"file":"..\/assets\/images\/packfire.biglogo.light.png","version":"1.0","hash":"e8ea459702fc2e077fb29d8097b5a7eefdd08f6f6b9abf0e48fd019ec55f7ea6"}]}